{
  "version": 4,
  "terraform_version": "1.12.2",
  "serial": 8,
  "lineage": "50981707-14e4-9ca2-8cc5-547bc8531292",
  "outputs": {},
  "resources": [
    {
      "mode": "managed",
      "type": "docker_image",
      "name": "nginx",
      "provider": "provider[\"registry.terraform.io/kreuzwerker/docker\"]",
      "instances": [
        {
          "schema_version": 0,
          "attributes": {
            "build": [],
            "force_remove": null,
            "id": "sha256:a72860cb95fd59e9c696c66441c64f18e66915fa26b249911e83c3854477ed9anginx:latest",
            "image_id": "sha256:a72860cb95fd59e9c696c66441c64f18e66915fa26b249911e83c3854477ed9a",
            "keep_locally": null,
            "name": "nginx:latest",
            "platform": null,
            "pull_triggers": null,
            "repo_digest": "nginx@sha256:6af79ae5de407283dcea8b00d5c37ace95441fd58a8b1d2aa1ed93f5511bb18c",
            "triggers": null
          },
          "sensitive_attributes": [],
          "identity_schema_version": 0,
          "private": "bnVsbA=="
        }
      ]
    }
  ],
  "check_results": null
}
